
Microsoft Visual Studio Solution File, Format Version 12.00
# Visual Studio Version 17
VisualStudioVersion = 17.5.33424.131
MinimumVisualStudioVersion = 10.0.40219.1
Project("{8BC9CEB8-8B4A-11D0-8D11-00A0C91BC942}") = "1015", "1015\1015.vcxproj", "{262EEF2D-0F84-4F40-A515-687B013A1555}"
EndProject
Project("{8BC9CEB8-8B4A-11D0-8D11-00A0C91BC942}") = "1016", "1016\1016.vcxproj", "{78165995-F72E-4222-9F3C-46F48CA5492F}"
EndProject
Project("{8BC9CEB8-8B4A-11D0-8D11-00A0C91BC942}") = "1017", "1017\1017.vcxproj", "{B36A197D-9772-4DC9-BF8E-FC455ADB8A4E}"
EndProject
Project("{8BC9CEB8-8B4A-11D0-8D11-00A0C91BC942}") = "1018", "1018\1018.vcxproj", "{8225C917-6D34-43DB-84B8-B98D5048A0E0}"
EndProject
Project("{8BC9CEB8-8B4A-11D0-8D11-00A0C91BC942}") = "1019", "1019\1019.vcxproj", "{7ACCE5C2-1010-4B36-BEBC-4E9E00AFF270}"
EndProject
Project("{8BC9CEB8-8B4A-11D0-8D11-00A0C91BC942}") = "1020", "1020\1020.vcxproj", "{D9DEEA24-262B-4825-A8D8-EB58A21E8F29}"
EndProject
Project("{8BC9CEB8-8B4A-11D0-8D11-00A0C91BC942}") = "1021", "1021\1021.vcxproj", "{A5BA536D-BB33-4775-A2A6-181C2EF0DBCF}"
EndProject
Project("{8BC9CEB8-8B4A-11D0-8D11-00A0C91BC942}") = "1022", "1022\1022.vcxproj", "{95788626-2568-4054-A468-43DA288EF007}"
EndProject
Project("{8BC9CEB8-8B4A-11D0-8D11-00A0C91BC942}") = "1023", "1023\1023.vcxproj", "{9548389D-E1CF-429B-BB0A-9B958FF79990}"
EndProject
Project("{8BC9CEB8-8B4A-11D0-8D11-00A0C91BC942}") = "1024", "1024\1024.vcxproj", "{E2E3C9FD-E110-4D03-BA8D-9E68E41E5880}"
EndProject
Project("{8BC9CEB8-8B4A-11D0-8D11-00A0C91BC942}") = "1025", "1025\1025.vcxproj", "{ECB15801-3ACB-4759-97C5-7CDF55712E47}"
EndProject
Project("{8BC9CEB8-8B4A-11D0-8D11-00A0C91BC942}") = "1026", "1026\1026.vcxproj", "{793313B7-7153-48B8-928E-EB84202896A7}"
EndProject
Project("{8BC9CEB8-8B4A-11D0-8D11-00A0C91BC942}") = "1027", "1027\1027.vcxproj", "{E8697909-013B-4EF7-A5AF-43FDD63ED9AA}"
EndProject
Project("{8BC9CEB8-8B4A-11D0-8D11-00A0C91BC942}") = "1028", "1028\1028.vcxproj", "{CDDE16AC-049E-4130-97FA-96095F962656}"
EndProject
Project("{8BC9CEB8-8B4A-11D0-8D11-00A0C91BC942}") = "1029", "1029\1029.vcxproj", "{268E95E0-7330-4D23-AC86-101A2CA32FE2}"
EndProject
Project("{8BC9CEB8-8B4A-11D0-8D11-00A0C91BC942}") = "1030", "1030\1030.vcxproj", "{427747FE-66F2-4A3C-8B03-EEA9F2533CBE}"
EndProject
Project("{8BC9CEB8-8B4A-11D0-8D11-00A0C91BC942}") = "1031", "1031\1031.vcxproj", "{F6A8C14D-7E7D-420D-8DB8-B61FE988BD22}"
EndProject
Project("{8BC9CEB8-8B4A-11D0-8D11-00A0C91BC942}") = "1032", "1032\1032.vcxproj", "{662E4962-0620-48CE-B916-689E50375492}"
EndProject
Project("{8BC9CEB8-8B4A-11D0-8D11-00A0C91BC942}") = "1033", "1033;\1033;.vcxproj", "{4646B7B5-F652-4227-9755-CB14553D7C45}"
EndProject
Project("{8BC9CEB8-8B4A-11D0-8D11-00A0C91BC942}") = "1034", "1034\1034.vcxproj", "{DC273FE6-CFD8-473B-A741-6BDDC9E1EA47}"
EndProject
Project("{8BC9CEB8-8B4A-11D0-8D11-00A0C91BC942}") = "1035", "1035\1035.vcxproj", "{DDEE8698-570C-4DE4-8B82-6B4947AB9335}"
EndProject
Project("{8BC9CEB8-8B4A-11D0-8D11-00A0C91BC942}") = "1036", "1036\1036.vcxproj", "{8F09F7D3-7547-4275-9B17-8FEA07BBF53B}"
EndProject
Project("{8BC9CEB8-8B4A-11D0-8D11-00A0C91BC942}") = "1037", "1037\1037.vcxproj", "{52D0A1A9-5495-4D0B-853C-971046F72863}"
EndProject
Project("{8BC9CEB8-8B4A-11D0-8D11-00A0C91BC942}") = "1038", "1038\1038.vcxproj", "{3476BF4F-69DE-484E-954B-FD1CE6713E1F}"
EndProject
Project("{8BC9CEB8-8B4A-11D0-8D11-00A0C91BC942}") = "1039", "1039\1039.vcxproj", "{4AF573C2-E0A9-4920-822A-D4BD7E6ED29A}"
EndProject
Project("{8BC9CEB8-8B4A-11D0-8D11-00A0C91BC942}") = "1040", "1040\1040.vcxproj", "{22FA5C1F-5A8E-4962-B98E-BDB46D5FF79F}"
EndProject
Project("{8BC9CEB8-8B4A-11D0-8D11-00A0C91BC942}") = "1041", "1041\1041.vcxproj", "{0D227853-F04D-4680-8D1E-1EB8196BCAA3}"
EndProject
Project("{8BC9CEB8-8B4A-11D0-8D11-00A0C91BC942}") = "1042", "1042\1042.vcxproj", "{A487F45C-2D81-4AC0-94FC-DB6832D6C226}"
EndProject
Project("{8BC9CEB8-8B4A-11D0-8D11-00A0C91BC942}") = "1043", "1043\1043.vcxproj", "{FE3879E1-F683-4D9C-B98F-D8AD3781613F}"
EndProject
Project("{8BC9CEB8-8B4A-11D0-8D11-00A0C91BC942}") = "1044", "1044\1044.vcxproj", "{92BE4DEF-51C0-474D-AA39-EFA8CFB8AE58}"
EndProject
Project("{8BC9CEB8-8B4A-11D0-8D11-00A0C91BC942}") = "1045", "1045\1045.vcxproj", "{AE613B85-25D5-42B7-BECA-277EBC2DAC35}"
EndProject
Project("{8BC9CEB8-8B4A-11D0-8D11-00A0C91BC942}") = "1046", "1046\1046.vcxproj", "{3C9800DE-D7CD-41B0-B293-B62F9B4D5A76}"
EndProject
Project("{8BC9CEB8-8B4A-11D0-8D11-00A0C91BC942}") = "1047", "1047\1047.vcxproj", "{E82A1BE4-EC36-466C-AB46-DAACE159B35F}"
EndProject
Project("{8BC9CEB8-8B4A-11D0-8D11-00A0C91BC942}") = "1048", "1048\1048.vcxproj", "{F4E6C059-1449-49FA-918A-603433F8D3BE}"
EndProject
Project("{8BC9CEB8-8B4A-11D0-8D11-00A0C91BC942}") = "1049", "1049\1049.vcxproj", "{CEA92747-1E13-4BAE-A20C-A7A400D89A3A}"
EndProject
Global
	GlobalSection(SolutionConfigurationPlatforms) = preSolution
		Debug|x64 = Debug|x64
		Debug|x86 = Debug|x86
		Release|x64 = Release|x64
		Release|x86 = Release|x86
	EndGlobalSection
	GlobalSection(ProjectConfigurationPlatforms) = postSolution
		{262EEF2D-0F84-4F40-A515-687B013A1555}.Debug|x64.ActiveCfg = Debug|x64
		{262EEF2D-0F84-4F40-A515-687B013A1555}.Debug|x64.Build.0 = Debug|x64
		{262EEF2D-0F84-4F40-A515-687B013A1555}.Debug|x86.ActiveCfg = Debug|Win32
		{262EEF2D-0F84-4F40-A515-687B013A1555}.Debug|x86.Build.0 = Debug|Win32
		{262EEF2D-0F84-4F40-A515-687B013A1555}.Release|x64.ActiveCfg = Release|x64
		{262EEF2D-0F84-4F40-A515-687B013A1555}.Release|x64.Build.0 = Release|x64
		{262EEF2D-0F84-4F40-A515-687B013A1555}.Release|x86.ActiveCfg = Release|Win32
		{262EEF2D-0F84-4F40-A515-687B013A1555}.Release|x86.Build.0 = Release|Win32
		{78165995-F72E-4222-9F3C-46F48CA5492F}.Debug|x64.ActiveCfg = Debug|x64
		{78165995-F72E-4222-9F3C-46F48CA5492F}.Debug|x64.Build.0 = Debug|x64
		{78165995-F72E-4222-9F3C-46F48CA5492F}.Debug|x86.ActiveCfg = Debug|Win32
		{78165995-F72E-4222-9F3C-46F48CA5492F}.Debug|x86.Build.0 = Debug|Win32
		{78165995-F72E-4222-9F3C-46F48CA5492F}.Release|x64.ActiveCfg = Release|x64
		{78165995-F72E-4222-9F3C-46F48CA5492F}.Release|x64.Build.0 = Release|x64
		{78165995-F72E-4222-9F3C-46F48CA5492F}.Release|x86.ActiveCfg = Release|Win32
		{78165995-F72E-4222-9F3C-46F48CA5492F}.Release|x86.Build.0 = Release|Win32
		{B36A197D-9772-4DC9-BF8E-FC455ADB8A4E}.Debug|x64.ActiveCfg = Debug|x64
		{B36A197D-9772-4DC9-BF8E-FC455ADB8A4E}.Debug|x64.Build.0 = Debug|x64
		{B36A197D-9772-4DC9-BF8E-FC455ADB8A4E}.Debug|x86.ActiveCfg = Debug|Win32
		{B36A197D-9772-4DC9-BF8E-FC455ADB8A4E}.Debug|x86.Build.0 = Debug|Win32
		{B36A197D-9772-4DC9-BF8E-FC455ADB8A4E}.Release|x64.ActiveCfg = Release|x64
		{B36A197D-9772-4DC9-BF8E-FC455ADB8A4E}.Release|x64.Build.0 = Release|x64
		{B36A197D-9772-4DC9-BF8E-FC455ADB8A4E}.Release|x86.ActiveCfg = Release|Win32
		{B36A197D-9772-4DC9-BF8E-FC455ADB8A4E}.Release|x86.Build.0 = Release|Win32
		{8225C917-6D34-43DB-84B8-B98D5048A0E0}.Debug|x64.ActiveCfg = Debug|x64
		{8225C917-6D34-43DB-84B8-B98D5048A0E0}.Debug|x64.Build.0 = Debug|x64
		{8225C917-6D34-43DB-84B8-B98D5048A0E0}.Debug|x86.ActiveCfg = Debug|Win32
		{8225C917-6D34-43DB-84B8-B98D5048A0E0}.Debug|x86.Build.0 = Debug|Win32
		{8225C917-6D34-43DB-84B8-B98D5048A0E0}.Release|x64.ActiveCfg = Release|x64
		{8225C917-6D34-43DB-84B8-B98D5048A0E0}.Release|x64.Build.0 = Release|x64
		{8225C917-6D34-43DB-84B8-B98D5048A0E0}.Release|x86.ActiveCfg = Release|Win32
		{8225C917-6D34-43DB-84B8-B98D5048A0E0}.Release|x86.Build.0 = Release|Win32
		{7ACCE5C2-1010-4B36-BEBC-4E9E00AFF270}.Debug|x64.ActiveCfg = Debug|x64
		{7ACCE5C2-1010-4B36-BEBC-4E9E00AFF270}.Debug|x64.Build.0 = Debug|x64
		{7ACCE5C2-1010-4B36-BEBC-4E9E00AFF270}.Debug|x86.ActiveCfg = Debug|Win32
		{7ACCE5C2-1010-4B36-BEBC-4E9E00AFF270}.Debug|x86.Build.0 = Debug|Win32
		{7ACCE5C2-1010-4B36-BEBC-4E9E00AFF270}.Release|x64.ActiveCfg = Release|x64
		{7ACCE5C2-1010-4B36-BEBC-4E9E00AFF270}.Release|x64.Build.0 = Release|x64
		{7ACCE5C2-1010-4B36-BEBC-4E9E00AFF270}.Release|x86.ActiveCfg = Release|Win32
		{7ACCE5C2-1010-4B36-BEBC-4E9E00AFF270}.Release|x86.Build.0 = Release|Win32
		{D9DEEA24-262B-4825-A8D8-EB58A21E8F29}.Debug|x64.ActiveCfg = Debug|x64
		{D9DEEA24-262B-4825-A8D8-EB58A21E8F29}.Debug|x64.Build.0 = Debug|x64
		{D9DEEA24-262B-4825-A8D8-EB58A21E8F29}.Debug|x86.ActiveCfg = Debug|Win32
		{D9DEEA24-262B-4825-A8D8-EB58A21E8F29}.Debug|x86.Build.0 = Debug|Win32
		{D9DEEA24-262B-4825-A8D8-EB58A21E8F29}.Release|x64.ActiveCfg = Release|x64
		{D9DEEA24-262B-4825-A8D8-EB58A21E8F29}.Release|x64.Build.0 = Release|x64
		{D9DEEA24-262B-4825-A8D8-EB58A21E8F29}.Release|x86.ActiveCfg = Release|Win32
		{D9DEEA24-262B-4825-A8D8-EB58A21E8F29}.Release|x86.Build.0 = Release|Win32
		{A5BA536D-BB33-4775-A2A6-181C2EF0DBCF}.Debug|x64.ActiveCfg = Debug|x64
		{A5BA536D-BB33-4775-A2A6-181C2EF0DBCF}.Debug|x64.Build.0 = Debug|x64
		{A5BA536D-BB33-4775-A2A6-181C2EF0DBCF}.Debug|x86.ActiveCfg = Debug|Win32
		{A5BA536D-BB33-4775-A2A6-181C2EF0DBCF}.Debug|x86.Build.0 = Debug|Win32
		{A5BA536D-BB33-4775-A2A6-181C2EF0DBCF}.Release|x64.ActiveCfg = Release|x64
		{A5BA536D-BB33-4775-A2A6-181C2EF0DBCF}.Release|x64.Build.0 = Release|x64
		{A5BA536D-BB33-4775-A2A6-181C2EF0DBCF}.Release|x86.ActiveCfg = Release|Win32
		{A5BA536D-BB33-4775-A2A6-181C2EF0DBCF}.Release|x86.Build.0 = Release|Win32
		{95788626-2568-4054-A468-43DA288EF007}.Debug|x64.ActiveCfg = Debug|x64
		{95788626-2568-4054-A468-43DA288EF007}.Debug|x64.Build.0 = Debug|x64
		{95788626-2568-4054-A468-43DA288EF007}.Debug|x86.ActiveCfg = Debug|Win32
		{95788626-2568-4054-A468-43DA288EF007}.Debug|x86.Build.0 = Debug|Win32
		{95788626-2568-4054-A468-43DA288EF007}.Release|x64.ActiveCfg = Release|x64
		{95788626-2568-4054-A468-43DA288EF007}.Release|x64.Build.0 = Release|x64
		{95788626-2568-4054-A468-43DA288EF007}.Release|x86.ActiveCfg = Release|Win32
		{95788626-2568-4054-A468-43DA288EF007}.Release|x86.Build.0 = Release|Win32
		{9548389D-E1CF-429B-BB0A-9B958FF79990}.Debug|x64.ActiveCfg = Debug|x64
		{9548389D-E1CF-429B-BB0A-9B958FF79990}.Debug|x64.Build.0 = Debug|x64
		{9548389D-E1CF-429B-BB0A-9B958FF79990}.Debug|x86.ActiveCfg = Debug|Win32
		{9548389D-E1CF-429B-BB0A-9B958FF79990}.Debug|x86.Build.0 = Debug|Win32
		{9548389D-E1CF-429B-BB0A-9B958FF79990}.Release|x64.ActiveCfg = Release|x64
		{9548389D-E1CF-429B-BB0A-9B958FF79990}.Release|x64.Build.0 = Release|x64
		{9548389D-E1CF-429B-BB0A-9B958FF79990}.Release|x86.ActiveCfg = Release|Win32
		{9548389D-E1CF-429B-BB0A-9B958FF79990}.Release|x86.Build.0 = Release|Win32
		{E2E3C9FD-E110-4D03-BA8D-9E68E41E5880}.Debug|x64.ActiveCfg = Debug|x64
		{E2E3C9FD-E110-4D03-BA8D-9E68E41E5880}.Debug|x64.Build.0 = Debug|x64
		{E2E3C9FD-E110-4D03-BA8D-9E68E41E5880}.Debug|x86.ActiveCfg = Debug|Win32
		{E2E3C9FD-E110-4D03-BA8D-9E68E41E5880}.Debug|x86.Build.0 = Debug|Win32
		{E2E3C9FD-E110-4D03-BA8D-9E68E41E5880}.Release|x64.ActiveCfg = Release|x64
		{E2E3C9FD-E110-4D03-BA8D-9E68E41E5880}.Release|x64.Build.0 = Release|x64
		{E2E3C9FD-E110-4D03-BA8D-9E68E41E5880}.Release|x86.ActiveCfg = Release|Win32
		{E2E3C9FD-E110-4D03-BA8D-9E68E41E5880}.Release|x86.Build.0 = Release|Win32
		{ECB15801-3ACB-4759-97C5-7CDF55712E47}.Debug|x64.ActiveCfg = Debug|x64
		{ECB15801-3ACB-4759-97C5-7CDF55712E47}.Debug|x64.Build.0 = Debug|x64
		{ECB15801-3ACB-4759-97C5-7CDF55712E47}.Debug|x86.ActiveCfg = Debug|Win32
		{ECB15801-3ACB-4759-97C5-7CDF55712E47}.Debug|x86.Build.0 = Debug|Win32
		{ECB15801-3ACB-4759-97C5-7CDF55712E47}.Release|x64.ActiveCfg = Release|x64
		{ECB15801-3ACB-4759-97C5-7CDF55712E47}.Release|x64.Build.0 = Release|x64
		{ECB15801-3ACB-4759-97C5-7CDF55712E47}.Release|x86.ActiveCfg = Release|Win32
		{ECB15801-3ACB-4759-97C5-7CDF55712E47}.Release|x86.Build.0 = Release|Win32
		{793313B7-7153-48B8-928E-EB84202896A7}.Debug|x64.ActiveCfg = Debug|x64
		{793313B7-7153-48B8-928E-EB84202896A7}.Debug|x64.Build.0 = Debug|x64
		{793313B7-7153-48B8-928E-EB84202896A7}.Debug|x86.ActiveCfg = Debug|Win32
		{793313B7-7153-48B8-928E-EB84202896A7}.Debug|x86.Build.0 = Debug|Win32
		{793313B7-7153-48B8-928E-EB84202896A7}.Release|x64.ActiveCfg = Release|x64
		{793313B7-7153-48B8-928E-EB84202896A7}.Release|x64.Build.0 = Release|x64
		{793313B7-7153-48B8-928E-EB84202896A7}.Release|x86.ActiveCfg = Release|Win32
		{793313B7-7153-48B8-928E-EB84202896A7}.Release|x86.Build.0 = Release|Win32
		{E8697909-013B-4EF7-A5AF-43FDD63ED9AA}.Debug|x64.ActiveCfg = Debug|x64
		{E8697909-013B-4EF7-A5AF-43FDD63ED9AA}.Debug|x64.Build.0 = Debug|x64
		{E8697909-013B-4EF7-A5AF-43FDD63ED9AA}.Debug|x86.ActiveCfg = Debug|Win32
		{E8697909-013B-4EF7-A5AF-43FDD63ED9AA}.Debug|x86.Build.0 = Debug|Win32
		{E8697909-013B-4EF7-A5AF-43FDD63ED9AA}.Release|x64.ActiveCfg = Release|x64
		{E8697909-013B-4EF7-A5AF-43FDD63ED9AA}.Release|x64.Build.0 = Release|x64
		{E8697909-013B-4EF7-A5AF-43FDD63ED9AA}.Release|x86.ActiveCfg = Release|Win32
		{E8697909-013B-4EF7-A5AF-43FDD63ED9AA}.Release|x86.Build.0 = Release|Win32
		{CDDE16AC-049E-4130-97FA-96095F962656}.Debug|x64.ActiveCfg = Debug|x64
		{CDDE16AC-049E-4130-97FA-96095F962656}.Debug|x64.Build.0 = Debug|x64
		{CDDE16AC-049E-4130-97FA-96095F962656}.Debug|x86.ActiveCfg = Debug|Win32
		{CDDE16AC-049E-4130-97FA-96095F962656}.Debug|x86.Build.0 = Debug|Win32
		{CDDE16AC-049E-4130-97FA-96095F962656}.Release|x64.ActiveCfg = Release|x64
		{CDDE16AC-049E-4130-97FA-96095F962656}.Release|x64.Build.0 = Release|x64
		{CDDE16AC-049E-4130-97FA-96095F962656}.Release|x86.ActiveCfg = Release|Win32
		{CDDE16AC-049E-4130-97FA-96095F962656}.Release|x86.Build.0 = Release|Win32
		{268E95E0-7330-4D23-AC86-101A2CA32FE2}.Debug|x64.ActiveCfg = Debug|x64
		{268E95E0-7330-4D23-AC86-101A2CA32FE2}.Debug|x64.Build.0 = Debug|x64
		{268E95E0-7330-4D23-AC86-101A2CA32FE2}.Debug|x86.ActiveCfg = Debug|Win32
		{268E95E0-7330-4D23-AC86-101A2CA32FE2}.Debug|x86.Build.0 = Debug|Win32
		{268E95E0-7330-4D23-AC86-101A2CA32FE2}.Release|x64.ActiveCfg = Release|x64
		{268E95E0-7330-4D23-AC86-101A2CA32FE2}.Release|x64.Build.0 = Release|x64
		{268E95E0-7330-4D23-AC86-101A2CA32FE2}.Release|x86.ActiveCfg = Release|Win32
		{268E95E0-7330-4D23-AC86-101A2CA32FE2}.Release|x86.Build.0 = Release|Win32
		{427747FE-66F2-4A3C-8B03-EEA9F2533CBE}.Debug|x64.ActiveCfg = Debug|x64
		{427747FE-66F2-4A3C-8B03-EEA9F2533CBE}.Debug|x64.Build.0 = Debug|x64
		{427747FE-66F2-4A3C-8B03-EEA9F2533CBE}.Debug|x86.ActiveCfg = Debug|Win32
		{427747FE-66F2-4A3C-8B03-EEA9F2533CBE}.Debug|x86.Build.0 = Debug|Win32
		{427747FE-66F2-4A3C-8B03-EEA9F2533CBE}.Release|x64.ActiveCfg = Release|x64
		{427747FE-66F2-4A3C-8B03-EEA9F2533CBE}.Release|x64.Build.0 = Release|x64
		{427747FE-66F2-4A3C-8B03-EEA9F2533CBE}.Release|x86.ActiveCfg = Release|Win32
		{427747FE-66F2-4A3C-8B03-EEA9F2533CBE}.Release|x86.Build.0 = Release|Win32
		{F6A8C14D-7E7D-420D-8DB8-B61FE988BD22}.Debug|x64.ActiveCfg = Debug|x64
		{F6A8C14D-7E7D-420D-8DB8-B61FE988BD22}.Debug|x64.Build.0 = Debug|x64
		{F6A8C14D-7E7D-420D-8DB8-B61FE988BD22}.Debug|x86.ActiveCfg = Debug|Win32
		{F6A8C14D-7E7D-420D-8DB8-B61FE988BD22}.Debug|x86.Build.0 = Debug|Win32
		{F6A8C14D-7E7D-420D-8DB8-B61FE988BD22}.Release|x64.ActiveCfg = Release|x64
		{F6A8C14D-7E7D-420D-8DB8-B61FE988BD22}.Release|x64.Build.0 = Release|x64
		{F6A8C14D-7E7D-420D-8DB8-B61FE988BD22}.Release|x86.ActiveCfg = Release|Win32
		{F6A8C14D-7E7D-420D-8DB8-B61FE988BD22}.Release|x86.Build.0 = Release|Win32
		{662E4962-0620-48CE-B916-689E50375492}.Debug|x64.ActiveCfg = Debug|x64
		{662E4962-0620-48CE-B916-689E50375492}.Debug|x64.Build.0 = Debug|x64
		{662E4962-0620-48CE-B916-689E50375492}.Debug|x86.ActiveCfg = Debug|Win32
		{662E4962-0620-48CE-B916-689E50375492}.Debug|x86.Build.0 = Debug|Win32
		{662E4962-0620-48CE-B916-689E50375492}.Release|x64.ActiveCfg = Release|x64
		{662E4962-0620-48CE-B916-689E50375492}.Release|x64.Build.0 = Release|x64
		{662E4962-0620-48CE-B916-689E50375492}.Release|x86.ActiveCfg = Release|Win32
		{662E4962-0620-48CE-B916-689E50375492}.Release|x86.Build.0 = Release|Win32
		{4646B7B5-F652-4227-9755-CB14553D7C45}.Debug|x64.ActiveCfg = Debug|x64
		{4646B7B5-F652-4227-9755-CB14553D7C45}.Debug|x64.Build.0 = Debug|x64
		{4646B7B5-F652-4227-9755-CB14553D7C45}.Debug|x86.ActiveCfg = Debug|Win32
		{4646B7B5-F652-4227-9755-CB14553D7C45}.Debug|x86.Build.0 = Debug|Win32
		{4646B7B5-F652-4227-9755-CB14553D7C45}.Release|x64.ActiveCfg = Release|x64
		{4646B7B5-F652-4227-9755-CB14553D7C45}.Release|x64.Build.0 = Release|x64
		{4646B7B5-F652-4227-9755-CB14553D7C45}.Release|x86.ActiveCfg = Release|Win32
		{4646B7B5-F652-4227-9755-CB14553D7C45}.Release|x86.Build.0 = Release|Win32
		{DC273FE6-CFD8-473B-A741-6BDDC9E1EA47}.Debug|x64.ActiveCfg = Debug|x64
		{DC273FE6-CFD8-473B-A741-6BDDC9E1EA47}.Debug|x64.Build.0 = Debug|x64
		{DC273FE6-CFD8-473B-A741-6BDDC9E1EA47}.Debug|x86.ActiveCfg = Debug|Win32
		{DC273FE6-CFD8-473B-A741-6BDDC9E1EA47}.Debug|x86.Build.0 = Debug|Win32
		{DC273FE6-CFD8-473B-A741-6BDDC9E1EA47}.Release|x64.ActiveCfg = Release|x64
		{DC273FE6-CFD8-473B-A741-6BDDC9E1EA47}.Release|x64.Build.0 = Release|x64
		{DC273FE6-CFD8-473B-A741-6BDDC9E1EA47}.Release|x86.ActiveCfg = Release|Win32
		{DC273FE6-CFD8-473B-A741-6BDDC9E1EA47}.Release|x86.Build.0 = Release|Win32
		{DDEE8698-570C-4DE4-8B82-6B4947AB9335}.Debug|x64.ActiveCfg = Debug|x64
		{DDEE8698-570C-4DE4-8B82-6B4947AB9335}.Debug|x64.Build.0 = Debug|x64
		{DDEE8698-570C-4DE4-8B82-6B4947AB9335}.Debug|x86.ActiveCfg = Debug|Win32
		{DDEE8698-570C-4DE4-8B82-6B4947AB9335}.Debug|x86.Build.0 = Debug|Win32
		{DDEE8698-570C-4DE4-8B82-6B4947AB9335}.Release|x64.ActiveCfg = Release|x64
		{DDEE8698-570C-4DE4-8B82-6B4947AB9335}.Release|x64.Build.0 = Release|x64
		{DDEE8698-570C-4DE4-8B82-6B4947AB9335}.Release|x86.ActiveCfg = Release|Win32
		{DDEE8698-570C-4DE4-8B82-6B4947AB9335}.Release|x86.Build.0 = Release|Win32
		{8F09F7D3-7547-4275-9B17-8FEA07BBF53B}.Debug|x64.ActiveCfg = Debug|x64
		{8F09F7D3-7547-4275-9B17-8FEA07BBF53B}.Debug|x64.Build.0 = Debug|x64
		{8F09F7D3-7547-4275-9B17-8FEA07BBF53B}.Debug|x86.ActiveCfg = Debug|Win32
		{8F09F7D3-7547-4275-9B17-8FEA07BBF53B}.Debug|x86.Build.0 = Debug|Win32
		{8F09F7D3-7547-4275-9B17-8FEA07BBF53B}.Release|x64.ActiveCfg = Release|x64
		{8F09F7D3-7547-4275-9B17-8FEA07BBF53B}.Release|x64.Build.0 = Release|x64
		{8F09F7D3-7547-4275-9B17-8FEA07BBF53B}.Release|x86.ActiveCfg = Release|Win32
		{8F09F7D3-7547-4275-9B17-8FEA07BBF53B}.Release|x86.Build.0 = Release|Win32
		{52D0A1A9-5495-4D0B-853C-971046F72863}.Debug|x64.ActiveCfg = Debug|x64
		{52D0A1A9-5495-4D0B-853C-971046F72863}.Debug|x64.Build.0 = Debug|x64
		{52D0A1A9-5495-4D0B-853C-971046F72863}.Debug|x86.ActiveCfg = Debug|Win32
		{52D0A1A9-5495-4D0B-853C-971046F72863}.Debug|x86.Build.0 = Debug|Win32
		{52D0A1A9-5495-4D0B-853C-971046F72863}.Release|x64.ActiveCfg = Release|x64
		{52D0A1A9-5495-4D0B-853C-971046F72863}.Release|x64.Build.0 = Release|x64
		{52D0A1A9-5495-4D0B-853C-971046F72863}.Release|x86.ActiveCfg = Release|Win32
		{52D0A1A9-5495-4D0B-853C-971046F72863}.Release|x86.Build.0 = Release|Win32
		{3476BF4F-69DE-484E-954B-FD1CE6713E1F}.Debug|x64.ActiveCfg = Debug|x64
		{3476BF4F-69DE-484E-954B-FD1CE6713E1F}.Debug|x64.Build.0 = Debug|x64
		{3476BF4F-69DE-484E-954B-FD1CE6713E1F}.Debug|x86.ActiveCfg = Debug|Win32
		{3476BF4F-69DE-484E-954B-FD1CE6713E1F}.Debug|x86.Build.0 = Debug|Win32
		{3476BF4F-69DE-484E-954B-FD1CE6713E1F}.Release|x64.ActiveCfg = Release|x64
		{3476BF4F-69DE-484E-954B-FD1CE6713E1F}.Release|x64.Build.0 = Release|x64
		{3476BF4F-69DE-484E-954B-FD1CE6713E1F}.Release|x86.ActiveCfg = Release|Win32
		{3476BF4F-69DE-484E-954B-FD1CE6713E1F}.Release|x86.Build.0 = Release|Win32
		{4AF573C2-E0A9-4920-822A-D4BD7E6ED29A}.Debug|x64.ActiveCfg = Debug|x64
		{4AF573C2-E0A9-4920-822A-D4BD7E6ED29A}.Debug|x64.Build.0 = Debug|x64
		{4AF573C2-E0A9-4920-822A-D4BD7E6ED29A}.Debug|x86.ActiveCfg = Debug|Win32
		{4AF573C2-E0A9-4920-822A-D4BD7E6ED29A}.Debug|x86.Build.0 = Debug|Win32
		{4AF573C2-E0A9-4920-822A-D4BD7E6ED29A}.Release|x64.ActiveCfg = Release|x64
		{4AF573C2-E0A9-4920-822A-D4BD7E6ED29A}.Release|x64.Build.0 = Release|x64
		{4AF573C2-E0A9-4920-822A-D4BD7E6ED29A}.Release|x86.ActiveCfg = Release|Win32
		{4AF573C2-E0A9-4920-822A-D4BD7E6ED29A}.Release|x86.Build.0 = Release|Win32
		{22FA5C1F-5A8E-4962-B98E-BDB46D5FF79F}.Debug|x64.ActiveCfg = Debug|x64
		{22FA5C1F-5A8E-4962-B98E-BDB46D5FF79F}.Debug|x64.Build.0 = Debug|x64
		{22FA5C1F-5A8E-4962-B98E-BDB46D5FF79F}.Debug|x86.ActiveCfg = Debug|Win32
		{22FA5C1F-5A8E-4962-B98E-BDB46D5FF79F}.Debug|x86.Build.0 = Debug|Win32
		{22FA5C1F-5A8E-4962-B98E-BDB46D5FF79F}.Release|x64.ActiveCfg = Release|x64
		{22FA5C1F-5A8E-4962-B98E-BDB46D5FF79F}.Release|x64.Build.0 = Release|x64
		{22FA5C1F-5A8E-4962-B98E-BDB46D5FF79F}.Release|x86.ActiveCfg = Release|Win32
		{22FA5C1F-5A8E-4962-B98E-BDB46D5FF79F}.Release|x86.Build.0 = Release|Win32
		{0D227853-F04D-4680-8D1E-1EB8196BCAA3}.Debug|x64.ActiveCfg = Debug|x64
		{0D227853-F04D-4680-8D1E-1EB8196BCAA3}.Debug|x64.Build.0 = Debug|x64
		{0D227853-F04D-4680-8D1E-1EB8196BCAA3}.Debug|x86.ActiveCfg = Debug|Win32
		{0D227853-F04D-4680-8D1E-1EB8196BCAA3}.Debug|x86.Build.0 = Debug|Win32
		{0D227853-F04D-4680-8D1E-1EB8196BCAA3}.Release|x64.ActiveCfg = Release|x64
		{0D227853-F04D-4680-8D1E-1EB8196BCAA3}.Release|x64.Build.0 = Release|x64
		{0D227853-F04D-4680-8D1E-1EB8196BCAA3}.Release|x86.ActiveCfg = Release|Win32
		{0D227853-F04D-4680-8D1E-1EB8196BCAA3}.Release|x86.Build.0 = Release|Win32
		{A487F45C-2D81-4AC0-94FC-DB6832D6C226}.Debug|x64.ActiveCfg = Debug|x64
		{A487F45C-2D81-4AC0-94FC-DB6832D6C226}.Debug|x64.Build.0 = Debug|x64
		{A487F45C-2D81-4AC0-94FC-DB6832D6C226}.Debug|x86.ActiveCfg = Debug|Win32
		{A487F45C-2D81-4AC0-94FC-DB6832D6C226}.Debug|x86.Build.0 = Debug|Win32
		{A487F45C-2D81-4AC0-94FC-DB6832D6C226}.Release|x64.ActiveCfg = Release|x64
		{A487F45C-2D81-4AC0-94FC-DB6832D6C226}.Release|x64.Build.0 = Release|x64
		{A487F45C-2D81-4AC0-94FC-DB6832D6C226}.Release|x86.ActiveCfg = Release|Win32
		{A487F45C-2D81-4AC0-94FC-DB6832D6C226}.Release|x86.Build.0 = Release|Win32
		{FE3879E1-F683-4D9C-B98F-D8AD3781613F}.Debug|x64.ActiveCfg = Debug|x64
		{FE3879E1-F683-4D9C-B98F-D8AD3781613F}.Debug|x64.Build.0 = Debug|x64
		{FE3879E1-F683-4D9C-B98F-D8AD3781613F}.Debug|x86.ActiveCfg = Debug|Win32
		{FE3879E1-F683-4D9C-B98F-D8AD3781613F}.Debug|x86.Build.0 = Debug|Win32
		{FE3879E1-F683-4D9C-B98F-D8AD3781613F}.Release|x64.ActiveCfg = Release|x64
		{FE3879E1-F683-4D9C-B98F-D8AD3781613F}.Release|x64.Build.0 = Release|x64
		{FE3879E1-F683-4D9C-B98F-D8AD3781613F}.Release|x86.ActiveCfg = Release|Win32
		{FE3879E1-F683-4D9C-B98F-D8AD3781613F}.Release|x86.Build.0 = Release|Win32
		{92BE4DEF-51C0-474D-AA39-EFA8CFB8AE58}.Debug|x64.ActiveCfg = Debug|x64
		{92BE4DEF-51C0-474D-AA39-EFA8CFB8AE58}.Debug|x64.Build.0 = Debug|x64
		{92BE4DEF-51C0-474D-AA39-EFA8CFB8AE58}.Debug|x86.ActiveCfg = Debug|Win32
		{92BE4DEF-51C0-474D-AA39-EFA8CFB8AE58}.Debug|x86.Build.0 = Debug|Win32
		{92BE4DEF-51C0-474D-AA39-EFA8CFB8AE58}.Release|x64.ActiveCfg = Release|x64
		{92BE4DEF-51C0-474D-AA39-EFA8CFB8AE58}.Release|x64.Build.0 = Release|x64
		{92BE4DEF-51C0-474D-AA39-EFA8CFB8AE58}.Release|x86.ActiveCfg = Release|Win32
		{92BE4DEF-51C0-474D-AA39-EFA8CFB8AE58}.Release|x86.Build.0 = Release|Win32
		{AE613B85-25D5-42B7-BECA-277EBC2DAC35}.Debug|x64.ActiveCfg = Debug|x64
		{AE613B85-25D5-42B7-BECA-277EBC2DAC35}.Debug|x64.Build.0 = Debug|x64
		{AE613B85-25D5-42B7-BECA-277EBC2DAC35}.Debug|x86.ActiveCfg = Debug|Win32
		{AE613B85-25D5-42B7-BECA-277EBC2DAC35}.Debug|x86.Build.0 = Debug|Win32
		{AE613B85-25D5-42B7-BECA-277EBC2DAC35}.Release|x64.ActiveCfg = Release|x64
		{AE613B85-25D5-42B7-BECA-277EBC2DAC35}.Release|x64.Build.0 = Release|x64
		{AE613B85-25D5-42B7-BECA-277EBC2DAC35}.Release|x86.ActiveCfg = Release|Win32
		{AE613B85-25D5-42B7-BECA-277EBC2DAC35}.Release|x86.Build.0 = Release|Win32
		{3C9800DE-D7CD-41B0-B293-B62F9B4D5A76}.Debug|x64.ActiveCfg = Debug|x64
		{3C9800DE-D7CD-41B0-B293-B62F9B4D5A76}.Debug|x64.Build.0 = Debug|x64
		{3C9800DE-D7CD-41B0-B293-B62F9B4D5A76}.Debug|x86.ActiveCfg = Debug|Win32
		{3C9800DE-D7CD-41B0-B293-B62F9B4D5A76}.Debug|x86.Build.0 = Debug|Win32
		{3C9800DE-D7CD-41B0-B293-B62F9B4D5A76}.Release|x64.ActiveCfg = Release|x64
		{3C9800DE-D7CD-41B0-B293-B62F9B4D5A76}.Release|x64.Build.0 = Release|x64
		{3C9800DE-D7CD-41B0-B293-B62F9B4D5A76}.Release|x86.ActiveCfg = Release|Win32
		{3C9800DE-D7CD-41B0-B293-B62F9B4D5A76}.Release|x86.Build.0 = Release|Win32
		{E82A1BE4-EC36-466C-AB46-DAACE159B35F}.Debug|x64.ActiveCfg = Debug|x64
		{E82A1BE4-EC36-466C-AB46-DAACE159B35F}.Debug|x64.Build.0 = Debug|x64
		{E82A1BE4-EC36-466C-AB46-DAACE159B35F}.Debug|x86.ActiveCfg = Debug|Win32
		{E82A1BE4-EC36-466C-AB46-DAACE159B35F}.Debug|x86.Build.0 = Debug|Win32
		{E82A1BE4-EC36-466C-AB46-DAACE159B35F}.Release|x64.ActiveCfg = Release|x64
		{E82A1BE4-EC36-466C-AB46-DAACE159B35F}.Release|x64.Build.0 = Release|x64
		{E82A1BE4-EC36-466C-AB46-DAACE159B35F}.Release|x86.ActiveCfg = Release|Win32
		{E82A1BE4-EC36-466C-AB46-DAACE159B35F}.Release|x86.Build.0 = Release|Win32
		{F4E6C059-1449-49FA-918A-603433F8D3BE}.Debug|x64.ActiveCfg = Debug|x64
		{F4E6C059-1449-49FA-918A-603433F8D3BE}.Debug|x64.Build.0 = Debug|x64
		{F4E6C059-1449-49FA-918A-603433F8D3BE}.Debug|x86.ActiveCfg = Debug|Win32
		{F4E6C059-1449-49FA-918A-603433F8D3BE}.Debug|x86.Build.0 = Debug|Win32
		{F4E6C059-1449-49FA-918A-603433F8D3BE}.Release|x64.ActiveCfg = Release|x64
		{F4E6C059-1449-49FA-918A-603433F8D3BE}.Release|x64.Build.0 = Release|x64
		{F4E6C059-1449-49FA-918A-603433F8D3BE}.Release|x86.ActiveCfg = Release|Win32
		{F4E6C059-1449-49FA-918A-603433F8D3BE}.Release|x86.Build.0 = Release|Win32
		{CEA92747-1E13-4BAE-A20C-A7A400D89A3A}.Debug|x64.ActiveCfg = Debug|x64
		{CEA92747-1E13-4BAE-A20C-A7A400D89A3A}.Debug|x64.Build.0 = Debug|x64
		{CEA92747-1E13-4BAE-A20C-A7A400D89A3A}.Debug|x86.ActiveCfg = Debug|Win32
		{CEA92747-1E13-4BAE-A20C-A7A400D89A3A}.Debug|x86.Build.0 = Debug|Win32
		{CEA92747-1E13-4BAE-A20C-A7A400D89A3A}.Release|x64.ActiveCfg = Release|x64
		{CEA92747-1E13-4BAE-A20C-A7A400D89A3A}.Release|x64.Build.0 = Release|x64
		{CEA92747-1E13-4BAE-A20C-A7A400D89A3A}.Release|x86.ActiveCfg = Release|Win32
		{CEA92747-1E13-4BAE-A20C-A7A400D89A3A}.Release|x86.Build.0 = Release|Win32
	EndGlobalSection
	GlobalSection(SolutionProperties) = preSolution
		HideSolutionNode = FALSE
	EndGlobalSection
	GlobalSection(ExtensibilityGlobals) = postSolution
		SolutionGuid = {DD30156A-0DAE-4DB3-A39D-C95D9F341F7B}
	EndGlobalSection
EndGlobal
